
Microsoft Visual Studio Solution File, Format Version 12.00
# Visual Studio Version 16
VisualStudioVersion = 16.0.32630.194
MinimumVisualStudioVersion = 10.0.40219.1
Project("{FAE04EC0-301F-11D3-BF4B-00C04F79EFBC}") = "Parcial", "Parcial.csproj", "{42F24322-AC95-4CF6-A78F-7FD8CA3084CB}"
EndProject
Global
	GlobalSection(SolutionConfigurationPlatforms) = preSolution
		Debug|Any CPU = Debug|Any CPU
		Release|Any CPU = Release|Any CPU
	EndGlobalSection
	GlobalSection(ProjectConfigurationPlatforms) = postSolution
		{42F24322-AC95-4CF6-A78F-7FD8CA3084CB}.Debug|Any CPU.ActiveCfg = Debug|Any CPU
		{42F24322-AC95-4CF6-A78F-7FD8CA3084CB}.Debug|Any CPU.Build.0 = Debug|Any CPU
		{42F24322-AC95-4CF6-A78F-7FD8CA3084CB}.Release|Any CPU.ActiveCfg = Release|Any CPU
		{42F24322-AC95-4CF6-A78F-7FD8CA3084CB}.Release|Any CPU.Build.0 = Release|Any CPU
	EndGlobalSection
	GlobalSection(SolutionProperties) = preSolution
		HideSolutionNode = FALSE
	EndGlobalSection
	GlobalSection(ExtensibilityGlobals) = postSolution
		SolutionGuid = {3D2B910B-57CD-49DA-BD2A-F199F4D62261}
	EndGlobalSection
EndGlobal
